
Microsoft Visual Studio Solution File, Format Version 12.00
# Visual Studio Version 17
VisualStudioVersion = 17.8.34330.188
MinimumVisualStudioVersion = 10.0.40219.1
Project("{9A19103F-16F7-4668-BE54-9A1E7A4F7556}") = "MIST_353_Group_API", "MIST_353_Group_API\MIST_353_Group_API.csproj", "{75BDD62E-2E30-43D1-B076-49CCD7499027}"
EndProject
Project("{9A19103F-16F7-4668-BE54-9A1E7A4F7556}") = "MIST_353_Group_Pages", "MIST_353_Group_Pages\MIST_353_Group_Pages.csproj", "{A8E73FF1-6AB6-4649-86C9-43368397268B}"
EndProject
Global
	GlobalSection(SolutionConfigurationPlatforms) = preSolution
		Debug|Any CPU = Debug|Any CPU
		Release|Any CPU = Release|Any CPU
	EndGlobalSection
	GlobalSection(ProjectConfigurationPlatforms) = postSolution
		{75BDD62E-2E30-43D1-B076-49CCD7499027}.Debug|Any CPU.ActiveCfg = Debug|Any CPU
		{75BDD62E-2E30-43D1-B076-49CCD7499027}.Debug|Any CPU.Build.0 = Debug|Any CPU
		{75BDD62E-2E30-43D1-B076-49CCD7499027}.Release|Any CPU.ActiveCfg = Release|Any CPU
		{75BDD62E-2E30-43D1-B076-49CCD7499027}.Release|Any CPU.Build.0 = Release|Any CPU
		{A8E73FF1-6AB6-4649-86C9-43368397268B}.Debug|Any CPU.ActiveCfg = Debug|Any CPU
		{A8E73FF1-6AB6-4649-86C9-43368397268B}.Debug|Any CPU.Build.0 = Debug|Any CPU
		{A8E73FF1-6AB6-4649-86C9-43368397268B}.Release|Any CPU.ActiveCfg = Release|Any CPU
		{A8E73FF1-6AB6-4649-86C9-43368397268B}.Release|Any CPU.Build.0 = Release|Any CPU
	EndGlobalSection
	GlobalSection(SolutionProperties) = preSolution
		HideSolutionNode = FALSE
	EndGlobalSection
	GlobalSection(ExtensibilityGlobals) = postSolution
		SolutionGuid = {8C68B4AF-9558-4E13-9415-5DEE70F325D0}
	EndGlobalSection
EndGlobal
